
Microsoft Visual Studio Solution File, Format Version 12.00
# Visual Studio Version 17
VisualStudioVersion = 17.13.35806.99 d17.13
MinimumVisualStudioVersion = 10.0.40219.1
Project("{FAE04EC0-301F-11D3-BF4B-00C04F79EFBC}") = "Blackjack", "Blackjack\Blackjack.csproj", "{DCDCBE5F-0A06-4656-A537-917E7ED04754}"
EndProject
Global
	GlobalSection(SolutionConfigurationPlatforms) = preSolution
		Debug|Any CPU = Debug|Any CPU
		Release|Any CPU = Release|Any CPU
	EndGlobalSection
	GlobalSection(ProjectConfigurationPlatforms) = postSolution
		{DCDCBE5F-0A06-4656-A537-917E7ED04754}.Debug|Any CPU.ActiveCfg = Debug|Any CPU
		{DCDCBE5F-0A06-4656-A537-917E7ED04754}.Debug|Any CPU.Build.0 = Debug|Any CPU
		{DCDCBE5F-0A06-4656-A537-917E7ED04754}.Release|Any CPU.ActiveCfg = Release|Any CPU
		{DCDCBE5F-0A06-4656-A537-917E7ED04754}.Release|Any CPU.Build.0 = Release|Any CPU
	EndGlobalSection
	GlobalSection(SolutionProperties) = preSolution
		HideSolutionNode = FALSE
	EndGlobalSection
	GlobalSection(ExtensibilityGlobals) = postSolution
		SolutionGuid = {E23D6765-EE89-43C7-AB45-14176546500C}
	EndGlobalSection
EndGlobal
